
Microsoft Visual Studio Solution File, Format Version 12.00
# Visual Studio Version 16
VisualStudioVersion = 16.0.32510.428
MinimumVisualStudioVersion = 10.0.40219.1
Project("{FAE04EC0-301F-11D3-BF4B-00C04F79EFBC}") = "Barber.Api", "Barber.Api.csproj", "{947B1B68-4392-47FC-AE11-0D277E735475}"
EndProject
Project("{FAE04EC0-301F-11D3-BF4B-00C04F79EFBC}") = "BarberApi.Entities", "..\BarberApi.Entities\BarberApi.Entities.csproj", "{E25C871A-D93F-4F03-B971-A8CFCCC74787}"
EndProject
Project("{FAE04EC0-301F-11D3-BF4B-00C04F79EFBC}") = "BarberApi.Dados", "..\BarberApi.Dados\BarberApi.Dados.csproj", "{DCB463FC-2A75-45E7-96AB-EC0FB6161B5A}"
EndProject
Project("{FAE04EC0-301F-11D3-BF4B-00C04F79EFBC}") = "BarberApi.Shared", "..\BarberApi.Shared\BarberApi.Shared.csproj", "{68149CEA-9715-4F8E-8FE3-103EF5179B06}"
EndProject
Project("{FAE04EC0-301F-11D3-BF4B-00C04F79EFBC}") = "BarberApi.Negocios", "..\BarberApi.Negocios\BarberApi.Negocios.csproj", "{A5BB58A7-8724-48AA-AEAF-8BF306EF841D}"
EndProject
Global
	GlobalSection(SolutionConfigurationPlatforms) = preSolution
		Debug|Any CPU = Debug|Any CPU
		Release|Any CPU = Release|Any CPU
	EndGlobalSection
	GlobalSection(ProjectConfigurationPlatforms) = postSolution
		{947B1B68-4392-47FC-AE11-0D277E735475}.Debug|Any CPU.ActiveCfg = Debug|Any CPU
		{947B1B68-4392-47FC-AE11-0D277E735475}.Debug|Any CPU.Build.0 = Debug|Any CPU
		{947B1B68-4392-47FC-AE11-0D277E735475}.Release|Any CPU.ActiveCfg = Release|Any CPU
		{947B1B68-4392-47FC-AE11-0D277E735475}.Release|Any CPU.Build.0 = Release|Any CPU
		{E25C871A-D93F-4F03-B971-A8CFCCC74787}.Debug|Any CPU.ActiveCfg = Debug|Any CPU
		{E25C871A-D93F-4F03-B971-A8CFCCC74787}.Debug|Any CPU.Build.0 = Debug|Any CPU
		{E25C871A-D93F-4F03-B971-A8CFCCC74787}.Release|Any CPU.ActiveCfg = Release|Any CPU
		{E25C871A-D93F-4F03-B971-A8CFCCC74787}.Release|Any CPU.Build.0 = Release|Any CPU
		{DCB463FC-2A75-45E7-96AB-EC0FB6161B5A}.Debug|Any CPU.ActiveCfg = Debug|Any CPU
		{DCB463FC-2A75-45E7-96AB-EC0FB6161B5A}.Debug|Any CPU.Build.0 = Debug|Any CPU
		{DCB463FC-2A75-45E7-96AB-EC0FB6161B5A}.Release|Any CPU.ActiveCfg = Release|Any CPU
		{DCB463FC-2A75-45E7-96AB-EC0FB6161B5A}.Release|Any CPU.Build.0 = Release|Any CPU
		{68149CEA-9715-4F8E-8FE3-103EF5179B06}.Debug|Any CPU.ActiveCfg = Debug|Any CPU
		{68149CEA-9715-4F8E-8FE3-103EF5179B06}.Debug|Any CPU.Build.0 = Debug|Any CPU
		{68149CEA-9715-4F8E-8FE3-103EF5179B06}.Release|Any CPU.ActiveCfg = Release|Any CPU
		{68149CEA-9715-4F8E-8FE3-103EF5179B06}.Release|Any CPU.Build.0 = Release|Any CPU
		{A5BB58A7-8724-48AA-AEAF-8BF306EF841D}.Debug|Any CPU.ActiveCfg = Debug|Any CPU
		{A5BB58A7-8724-48AA-AEAF-8BF306EF841D}.Debug|Any CPU.Build.0 = Debug|Any CPU
		{A5BB58A7-8724-48AA-AEAF-8BF306EF841D}.Release|Any CPU.ActiveCfg = Release|Any CPU
		{A5BB58A7-8724-48AA-AEAF-8BF306EF841D}.Release|Any CPU.Build.0 = Release|Any CPU
	EndGlobalSection
	GlobalSection(SolutionProperties) = preSolution
		HideSolutionNode = FALSE
	EndGlobalSection
	GlobalSection(ExtensibilityGlobals) = postSolution
		SolutionGuid = {CC35B791-E0E7-4278-B84A-D28855D33978}
	EndGlobalSection
EndGlobal
